
Microsoft Visual Studio Solution File, Format Version 12.00
# Visual Studio Version 17
VisualStudioVersion = 17.5.33516.290
MinimumVisualStudioVersion = 10.0.40219.1
Project("{9A19103F-16F7-4668-BE54-9A1E7A4F7556}") = "JwtVueCrudApp", "JwtVueCrudApp.csproj", "{6E408B7A-955C-4752-BF0A-065A134DBCC8}"
EndProject
Project("{E24C65DC-7377-472B-9ABA-BC803B73C61A}") = "frontend", "..\frontend\", "{15561683-344B-49D8-AC6F-2FD4E5BCFECD}"
	ProjectSection(WebsiteProperties) = preProject
		TargetFrameworkMoniker = ".NETFramework,Version%3Dv4.8"
		Debug.AspNetCompiler.VirtualPath = "/localhost_55572"
		Debug.AspNetCompiler.PhysicalPath = "..\frontend\"
		Debug.AspNetCompiler.TargetPath = "PrecompiledWeb\localhost_55572\"
		Debug.AspNetCompiler.Updateable = "true"
		Debug.AspNetCompiler.ForceOverwrite = "true"
		Debug.AspNetCompiler.FixedNames = "false"
		Debug.AspNetCompiler.Debug = "True"
		Release.AspNetCompiler.VirtualPath = "/localhost_55572"
		Release.AspNetCompiler.PhysicalPath = "..\frontend\"
		Release.AspNetCompiler.TargetPath = "PrecompiledWeb\localhost_55572\"
		Release.AspNetCompiler.Updateable = "true"
		Release.AspNetCompiler.ForceOverwrite = "true"
		Release.AspNetCompiler.FixedNames = "false"
		Release.AspNetCompiler.Debug = "False"
		VWDPort = "55572"
		SlnRelativePath = "..\frontend\"
	EndProjectSection
EndProject
Global
	GlobalSection(SolutionConfigurationPlatforms) = preSolution
		Debug|Any CPU = Debug|Any CPU
		Release|Any CPU = Release|Any CPU
	EndGlobalSection
	GlobalSection(ProjectConfigurationPlatforms) = postSolution
		{6E408B7A-955C-4752-BF0A-065A134DBCC8}.Debug|Any CPU.ActiveCfg = Debug|Any CPU
		{6E408B7A-955C-4752-BF0A-065A134DBCC8}.Debug|Any CPU.Build.0 = Debug|Any CPU
		{6E408B7A-955C-4752-BF0A-065A134DBCC8}.Release|Any CPU.ActiveCfg = Release|Any CPU
		{6E408B7A-955C-4752-BF0A-065A134DBCC8}.Release|Any CPU.Build.0 = Release|Any CPU
		{15561683-344B-49D8-AC6F-2FD4E5BCFECD}.Debug|Any CPU.ActiveCfg = Debug|Any CPU
		{15561683-344B-49D8-AC6F-2FD4E5BCFECD}.Debug|Any CPU.Build.0 = Debug|Any CPU
		{15561683-344B-49D8-AC6F-2FD4E5BCFECD}.Release|Any CPU.ActiveCfg = Debug|Any CPU
		{15561683-344B-49D8-AC6F-2FD4E5BCFECD}.Release|Any CPU.Build.0 = Debug|Any CPU
	EndGlobalSection
	GlobalSection(SolutionProperties) = preSolution
		HideSolutionNode = FALSE
	EndGlobalSection
	GlobalSection(ExtensibilityGlobals) = postSolution
		SolutionGuid = {8D387099-D5E8-4445-B277-E4E09D1C87B5}
	EndGlobalSection
EndGlobal
